<Solution>
  <Project Path="Authentication.API/Authentication.API.csproj" />
  <Project Path="Authentication.CORE/Authentication.CORE.csproj" />
  <Project Path="Blog.Gateway/Blog.Gateway.csproj" />
  <Project Path="BlogSite.API/BlogSite.API.csproj" />
  <Project Path="BlogSite.CORE/BlogSite.CORE.csproj" />
</Solution>
